
Microsoft Visual Studio Solution File, Format Version 12.00
# Visual Studio Version 17
VisualStudioVersion = 17.3.32819.101
MinimumVisualStudioVersion = 10.0.40219.1
Project("{9A19103F-16F7-4668-BE54-9A1E7A4F7556}") = "APIAspNetCore", "APIAspNetCore.csproj", "{AAA7B3D9-18BB-4EA2-9E55-E34A11154FC9}"
EndProject
Global
	GlobalSection(SolutionConfigurationPlatforms) = preSolution
		Debug|Any CPU = Debug|Any CPU
		Release|Any CPU = Release|Any CPU
	EndGlobalSection
	GlobalSection(ProjectConfigurationPlatforms) = postSolution
		{AAA7B3D9-18BB-4EA2-9E55-E34A11154FC9}.Debug|Any CPU.ActiveCfg = Debug|Any CPU
		{AAA7B3D9-18BB-4EA2-9E55-E34A11154FC9}.Debug|Any CPU.Build.0 = Debug|Any CPU
		{AAA7B3D9-18BB-4EA2-9E55-E34A11154FC9}.Release|Any CPU.ActiveCfg = Release|Any CPU
		{AAA7B3D9-18BB-4EA2-9E55-E34A11154FC9}.Release|Any CPU.Build.0 = Release|Any CPU
	EndGlobalSection
	GlobalSection(SolutionProperties) = preSolution
		HideSolutionNode = FALSE
	EndGlobalSection
	GlobalSection(ExtensibilityGlobals) = postSolution
		SolutionGuid = {565BA37B-C2AF-44C4-8940-AAD92F55682E}
	EndGlobalSection
EndGlobal
